
Microsoft Visual Studio Solution File, Format Version 12.00
# Visual Studio Version 16
VisualStudioVersion = 16.0.30907.101
MinimumVisualStudioVersion = 10.0.40219.1
Project("{FAE04EC0-301F-11D3-BF4B-00C04F79EFBC}") = "ClassMethodDemo", "ClassMethodDemo\ClassMethodDemo.csproj", "{E069CD3F-F139-4353-BBDD-4458EDBFC259}"
EndProject
Global
	GlobalSection(SolutionConfigurationPlatforms) = preSolution
		Debug|Any CPU = Debug|Any CPU
		Release|Any CPU = Release|Any CPU
	EndGlobalSection
	GlobalSection(ProjectConfigurationPlatforms) = postSolution
		{E069CD3F-F139-4353-BBDD-4458EDBFC259}.Debug|Any CPU.ActiveCfg = Debug|Any CPU
		{E069CD3F-F139-4353-BBDD-4458EDBFC259}.Debug|Any CPU.Build.0 = Debug|Any CPU
		{E069CD3F-F139-4353-BBDD-4458EDBFC259}.Release|Any CPU.ActiveCfg = Release|Any CPU
		{E069CD3F-F139-4353-BBDD-4458EDBFC259}.Release|Any CPU.Build.0 = Release|Any CPU
	EndGlobalSection
	GlobalSection(SolutionProperties) = preSolution
		HideSolutionNode = FALSE
	EndGlobalSection
	GlobalSection(ExtensibilityGlobals) = postSolution
		SolutionGuid = {84448A3E-7A35-4519-9CC2-565305ECD742}
	EndGlobalSection
EndGlobal
